
Microsoft Visual Studio Solution File, Format Version 12.00
# Visual Studio Version 16
VisualStudioVersion = 16.0.28729.10
MinimumVisualStudioVersion = 10.0.40219.1
Project("{9A19103F-16F7-4668-BE54-9A1E7A4F7556}") = "MDA.Tests", "tests\MDA.Tests\MDA.Tests.csproj", "{B7D4064E-58C2-47B6-9418-2BD4826F405F}"
EndProject
Project("{2150E333-8FDC-42A3-9474-1A3956D46DE8}") = "samples", "samples", "{2846544F-381E-4CB5-8025-A2C7C4C3CB6B}"
EndProject
Project("{2150E333-8FDC-42A3-9474-1A3956D46DE8}") = "src", "src", "{ED32FA3F-FF43-4ECA-A470-EA0C82E2B725}"
EndProject
Project("{2150E333-8FDC-42A3-9474-1A3956D46DE8}") = "tests", "tests", "{D7F5E3A3-1038-45AC-8B82-6F7C68F64254}"
EndProject
Project("{2150E333-8FDC-42A3-9474-1A3956D46DE8}") = "BuildingBlocks", "BuildingBlocks", "{4FF04C4A-32F7-4164-A830-A35400506D35}"
EndProject
Project("{2150E333-8FDC-42A3-9474-1A3956D46DE8}") = "Core", "Core", "{3B3AF354-42CD-4709-8D1D-35883A33F752}"
EndProject
Project("{9A19103F-16F7-4668-BE54-9A1E7A4F7556}") = "MDA.EventStoring.FileSystem", "src\BuildingBlocks\MDA.EventStoring.FileSystem\MDA.EventStoring.FileSystem.csproj", "{851E012E-A62B-4B86-BB50-7836D50AE39A}"
EndProject
Project("{9A19103F-16F7-4668-BE54-9A1E7A4F7556}") = "MDA.EventStoring.MySql", "src\BuildingBlocks\MDA.EventStoring.MySql\MDA.EventStoring.MySql.csproj", "{A33627A8-DD8A-4893-A998-D1DF5874DB2D}"
EndProject
Project("{9A19103F-16F7-4668-BE54-9A1E7A4F7556}") = "MDA.EventStoring.SqlServer", "src\BuildingBlocks\MDA.EventStoring.SqlServer\MDA.EventStoring.SqlServer.csproj", "{776AA7AB-70C0-4CEE-B73A-117CF079DACB}"
EndProject
Project("{2150E333-8FDC-42A3-9474-1A3956D46DE8}") = "EventDriven", "EventDriven", "{628268FD-9E47-43C3-A936-7C046EAFC4F3}"
EndProject
Project("{9A19103F-16F7-4668-BE54-9A1E7A4F7556}") = "MDA", "src\Core\MDA\MDA.csproj", "{01FF3310-FAC5-4E5B-AF26-EAD89B9DD58F}"
EndProject
Project("{9A19103F-16F7-4668-BE54-9A1E7A4F7556}") = "MDA.AspnetCore", "src\Core\MDA.AspnetCore\MDA.AspnetCore.csproj", "{F3EE5B0E-E671-49FA-BF77-40DED41D3CDB}"
EndProject
Project("{9A19103F-16F7-4668-BE54-9A1E7A4F7556}") = "MDA.EventStoring.InMemory", "src\BuildingBlocks\MDA.EventStoring.InMemory\MDA.EventStoring.InMemory.csproj", "{04465EF6-B280-445A-8D65-FBF03543F1F8}"
EndProject
Project("{9A19103F-16F7-4668-BE54-9A1E7A4F7556}") = "TrackingShips", "samples\EventDriven\TrackingShips\TrackingShips.csproj", "{7F13CB98-6365-49D9-A2A5-E07CFCBA633E}"
EndProject
Project("{9A19103F-16F7-4668-BE54-9A1E7A4F7556}") = "MDA.Domain", "src\Core\MDA.Domain\MDA.Domain.csproj", "{F0DEDF21-C4D0-4AE3-8A99-0DD560F5E5A0}"
EndProject
Project("{9A19103F-16F7-4668-BE54-9A1E7A4F7556}") = "MDA.Messages", "src\Core\MDA.Messages\MDA.Messages.csproj", "{53F4B3F1-941C-4714-93FE-16C5BCE111EC}"
EndProject
Project("{9A19103F-16F7-4668-BE54-9A1E7A4F7556}") = "MDA.Application", "src\Core\MDA.Application\MDA.Application.csproj", "{D18B0357-DF01-4F94-8998-910E71009C9F}"
EndProject
Project("{9A19103F-16F7-4668-BE54-9A1E7A4F7556}") = "MDA.Saga", "src\Core\MDA.Saga\MDA.Saga.csproj", "{23C3883F-1EC7-4D98-8126-E86AE1877A66}"
EndProject
Project("{2150E333-8FDC-42A3-9474-1A3956D46DE8}") = "EBank", "EBank", "{F1D06836-8942-4D9C-AD27-DF10D4A10C22}"
EndProject
Project("{2150E333-8FDC-42A3-9474-1A3956D46DE8}") = "Application", "Application", "{292875E8-0D2C-4D02-B372-2E2A42E59955}"
EndProject
Project("{2150E333-8FDC-42A3-9474-1A3956D46DE8}") = "Domain", "Domain", "{9275BA93-9268-4BF0-830C-BB768C34A866}"
EndProject
Project("{9A19103F-16F7-4668-BE54-9A1E7A4F7556}") = "EBank.Domain", "samples\EBank\Domain\EBank.Domain\EBank.Domain.csproj", "{77412C49-6F4A-407E-835B-539E0675206D}"
EndProject
Project("{9A19103F-16F7-4668-BE54-9A1E7A4F7556}") = "EBank.Application.BusinessServer", "samples\EBank\Application\EBank.Application.BusinessServer\EBank.Application.BusinessServer.csproj", "{228C9122-ED27-45D8-BC29-017ED6ED4CED}"
EndProject
Project("{9A19103F-16F7-4668-BE54-9A1E7A4F7556}") = "EBank.Application", "samples\EBank\Application\EBank.Application\EBank.Application.csproj", "{A8755C4C-375D-460C-8F12-ACD082E6B5B3}"
EndProject
Project("{9A19103F-16F7-4668-BE54-9A1E7A4F7556}") = "EBank.Application.Querying", "samples\EBank\Application\EBank.Application.Querying\EBank.Application.Querying.csproj", "{19972CDF-2227-46DA-8459-3383E15C72AD}"
EndProject
Global
	GlobalSection(SolutionConfigurationPlatforms) = preSolution
		Debug|Any CPU = Debug|Any CPU
		Release|Any CPU = Release|Any CPU
	EndGlobalSection
	GlobalSection(ProjectConfigurationPlatforms) = postSolution
		{B7D4064E-58C2-47B6-9418-2BD4826F405F}.Debug|Any CPU.ActiveCfg = Debug|Any CPU
		{B7D4064E-58C2-47B6-9418-2BD4826F405F}.Debug|Any CPU.Build.0 = Debug|Any CPU
		{B7D4064E-58C2-47B6-9418-2BD4826F405F}.Release|Any CPU.ActiveCfg = Release|Any CPU
		{B7D4064E-58C2-47B6-9418-2BD4826F405F}.Release|Any CPU.Build.0 = Release|Any CPU
		{851E012E-A62B-4B86-BB50-7836D50AE39A}.Debug|Any CPU.ActiveCfg = Debug|Any CPU
		{851E012E-A62B-4B86-BB50-7836D50AE39A}.Debug|Any CPU.Build.0 = Debug|Any CPU
		{851E012E-A62B-4B86-BB50-7836D50AE39A}.Release|Any CPU.ActiveCfg = Release|Any CPU
		{851E012E-A62B-4B86-BB50-7836D50AE39A}.Release|Any CPU.Build.0 = Release|Any CPU
		{A33627A8-DD8A-4893-A998-D1DF5874DB2D}.Debug|Any CPU.ActiveCfg = Debug|Any CPU
		{A33627A8-DD8A-4893-A998-D1DF5874DB2D}.Debug|Any CPU.Build.0 = Debug|Any CPU
		{A33627A8-DD8A-4893-A998-D1DF5874DB2D}.Release|Any CPU.ActiveCfg = Release|Any CPU
		{A33627A8-DD8A-4893-A998-D1DF5874DB2D}.Release|Any CPU.Build.0 = Release|Any CPU
		{776AA7AB-70C0-4CEE-B73A-117CF079DACB}.Debug|Any CPU.ActiveCfg = Debug|Any CPU
		{776AA7AB-70C0-4CEE-B73A-117CF079DACB}.Debug|Any CPU.Build.0 = Debug|Any CPU
		{776AA7AB-70C0-4CEE-B73A-117CF079DACB}.Release|Any CPU.ActiveCfg = Release|Any CPU
		{776AA7AB-70C0-4CEE-B73A-117CF079DACB}.Release|Any CPU.Build.0 = Release|Any CPU
		{01FF3310-FAC5-4E5B-AF26-EAD89B9DD58F}.Debug|Any CPU.ActiveCfg = Debug|Any CPU
		{01FF3310-FAC5-4E5B-AF26-EAD89B9DD58F}.Debug|Any CPU.Build.0 = Debug|Any CPU
		{01FF3310-FAC5-4E5B-AF26-EAD89B9DD58F}.Release|Any CPU.ActiveCfg = Release|Any CPU
		{01FF3310-FAC5-4E5B-AF26-EAD89B9DD58F}.Release|Any CPU.Build.0 = Release|Any CPU
		{F3EE5B0E-E671-49FA-BF77-40DED41D3CDB}.Debug|Any CPU.ActiveCfg = Debug|Any CPU
		{F3EE5B0E-E671-49FA-BF77-40DED41D3CDB}.Debug|Any CPU.Build.0 = Debug|Any CPU
		{F3EE5B0E-E671-49FA-BF77-40DED41D3CDB}.Release|Any CPU.ActiveCfg = Release|Any CPU
		{F3EE5B0E-E671-49FA-BF77-40DED41D3CDB}.Release|Any CPU.Build.0 = Release|Any CPU
		{04465EF6-B280-445A-8D65-FBF03543F1F8}.Debug|Any CPU.ActiveCfg = Debug|Any CPU
		{04465EF6-B280-445A-8D65-FBF03543F1F8}.Debug|Any CPU.Build.0 = Debug|Any CPU
		{04465EF6-B280-445A-8D65-FBF03543F1F8}.Release|Any CPU.ActiveCfg = Release|Any CPU
		{04465EF6-B280-445A-8D65-FBF03543F1F8}.Release|Any CPU.Build.0 = Release|Any CPU
		{7F13CB98-6365-49D9-A2A5-E07CFCBA633E}.Debug|Any CPU.ActiveCfg = Debug|Any CPU
		{7F13CB98-6365-49D9-A2A5-E07CFCBA633E}.Debug|Any CPU.Build.0 = Debug|Any CPU
		{7F13CB98-6365-49D9-A2A5-E07CFCBA633E}.Release|Any CPU.ActiveCfg = Release|Any CPU
		{7F13CB98-6365-49D9-A2A5-E07CFCBA633E}.Release|Any CPU.Build.0 = Release|Any CPU
		{F0DEDF21-C4D0-4AE3-8A99-0DD560F5E5A0}.Debug|Any CPU.ActiveCfg = Debug|Any CPU
		{F0DEDF21-C4D0-4AE3-8A99-0DD560F5E5A0}.Debug|Any CPU.Build.0 = Debug|Any CPU
		{F0DEDF21-C4D0-4AE3-8A99-0DD560F5E5A0}.Release|Any CPU.ActiveCfg = Release|Any CPU
		{F0DEDF21-C4D0-4AE3-8A99-0DD560F5E5A0}.Release|Any CPU.Build.0 = Release|Any CPU
		{53F4B3F1-941C-4714-93FE-16C5BCE111EC}.Debug|Any CPU.ActiveCfg = Debug|Any CPU
		{53F4B3F1-941C-4714-93FE-16C5BCE111EC}.Debug|Any CPU.Build.0 = Debug|Any CPU
		{53F4B3F1-941C-4714-93FE-16C5BCE111EC}.Release|Any CPU.ActiveCfg = Release|Any CPU
		{53F4B3F1-941C-4714-93FE-16C5BCE111EC}.Release|Any CPU.Build.0 = Release|Any CPU
		{D18B0357-DF01-4F94-8998-910E71009C9F}.Debug|Any CPU.ActiveCfg = Debug|Any CPU
		{D18B0357-DF01-4F94-8998-910E71009C9F}.Debug|Any CPU.Build.0 = Debug|Any CPU
		{D18B0357-DF01-4F94-8998-910E71009C9F}.Release|Any CPU.ActiveCfg = Release|Any CPU
		{D18B0357-DF01-4F94-8998-910E71009C9F}.Release|Any CPU.Build.0 = Release|Any CPU
		{23C3883F-1EC7-4D98-8126-E86AE1877A66}.Debug|Any CPU.ActiveCfg = Debug|Any CPU
		{23C3883F-1EC7-4D98-8126-E86AE1877A66}.Debug|Any CPU.Build.0 = Debug|Any CPU
		{23C3883F-1EC7-4D98-8126-E86AE1877A66}.Release|Any CPU.ActiveCfg = Release|Any CPU
		{23C3883F-1EC7-4D98-8126-E86AE1877A66}.Release|Any CPU.Build.0 = Release|Any CPU
		{77412C49-6F4A-407E-835B-539E0675206D}.Debug|Any CPU.ActiveCfg = Debug|Any CPU
		{77412C49-6F4A-407E-835B-539E0675206D}.Debug|Any CPU.Build.0 = Debug|Any CPU
		{77412C49-6F4A-407E-835B-539E0675206D}.Release|Any CPU.ActiveCfg = Release|Any CPU
		{77412C49-6F4A-407E-835B-539E0675206D}.Release|Any CPU.Build.0 = Release|Any CPU
		{228C9122-ED27-45D8-BC29-017ED6ED4CED}.Debug|Any CPU.ActiveCfg = Debug|Any CPU
		{228C9122-ED27-45D8-BC29-017ED6ED4CED}.Debug|Any CPU.Build.0 = Debug|Any CPU
		{228C9122-ED27-45D8-BC29-017ED6ED4CED}.Release|Any CPU.ActiveCfg = Release|Any CPU
		{228C9122-ED27-45D8-BC29-017ED6ED4CED}.Release|Any CPU.Build.0 = Release|Any CPU
		{A8755C4C-375D-460C-8F12-ACD082E6B5B3}.Debug|Any CPU.ActiveCfg = Debug|Any CPU
		{A8755C4C-375D-460C-8F12-ACD082E6B5B3}.Debug|Any CPU.Build.0 = Debug|Any CPU
		{A8755C4C-375D-460C-8F12-ACD082E6B5B3}.Release|Any CPU.ActiveCfg = Release|Any CPU
		{A8755C4C-375D-460C-8F12-ACD082E6B5B3}.Release|Any CPU.Build.0 = Release|Any CPU
		{19972CDF-2227-46DA-8459-3383E15C72AD}.Debug|Any CPU.ActiveCfg = Debug|Any CPU
		{19972CDF-2227-46DA-8459-3383E15C72AD}.Debug|Any CPU.Build.0 = Debug|Any CPU
		{19972CDF-2227-46DA-8459-3383E15C72AD}.Release|Any CPU.ActiveCfg = Release|Any CPU
		{19972CDF-2227-46DA-8459-3383E15C72AD}.Release|Any CPU.Build.0 = Release|Any CPU
	EndGlobalSection
	GlobalSection(SolutionProperties) = preSolution
		HideSolutionNode = FALSE
	EndGlobalSection
	GlobalSection(NestedProjects) = preSolution
		{B7D4064E-58C2-47B6-9418-2BD4826F405F} = {D7F5E3A3-1038-45AC-8B82-6F7C68F64254}
		{4FF04C4A-32F7-4164-A830-A35400506D35} = {ED32FA3F-FF43-4ECA-A470-EA0C82E2B725}
		{3B3AF354-42CD-4709-8D1D-35883A33F752} = {ED32FA3F-FF43-4ECA-A470-EA0C82E2B725}
		{851E012E-A62B-4B86-BB50-7836D50AE39A} = {4FF04C4A-32F7-4164-A830-A35400506D35}
		{A33627A8-DD8A-4893-A998-D1DF5874DB2D} = {4FF04C4A-32F7-4164-A830-A35400506D35}
		{776AA7AB-70C0-4CEE-B73A-117CF079DACB} = {4FF04C4A-32F7-4164-A830-A35400506D35}
		{628268FD-9E47-43C3-A936-7C046EAFC4F3} = {2846544F-381E-4CB5-8025-A2C7C4C3CB6B}
		{01FF3310-FAC5-4E5B-AF26-EAD89B9DD58F} = {3B3AF354-42CD-4709-8D1D-35883A33F752}
		{F3EE5B0E-E671-49FA-BF77-40DED41D3CDB} = {3B3AF354-42CD-4709-8D1D-35883A33F752}
		{04465EF6-B280-445A-8D65-FBF03543F1F8} = {4FF04C4A-32F7-4164-A830-A35400506D35}
		{7F13CB98-6365-49D9-A2A5-E07CFCBA633E} = {628268FD-9E47-43C3-A936-7C046EAFC4F3}
		{F0DEDF21-C4D0-4AE3-8A99-0DD560F5E5A0} = {3B3AF354-42CD-4709-8D1D-35883A33F752}
		{53F4B3F1-941C-4714-93FE-16C5BCE111EC} = {3B3AF354-42CD-4709-8D1D-35883A33F752}
		{D18B0357-DF01-4F94-8998-910E71009C9F} = {3B3AF354-42CD-4709-8D1D-35883A33F752}
		{23C3883F-1EC7-4D98-8126-E86AE1877A66} = {3B3AF354-42CD-4709-8D1D-35883A33F752}
		{F1D06836-8942-4D9C-AD27-DF10D4A10C22} = {2846544F-381E-4CB5-8025-A2C7C4C3CB6B}
		{292875E8-0D2C-4D02-B372-2E2A42E59955} = {F1D06836-8942-4D9C-AD27-DF10D4A10C22}
		{9275BA93-9268-4BF0-830C-BB768C34A866} = {F1D06836-8942-4D9C-AD27-DF10D4A10C22}
		{77412C49-6F4A-407E-835B-539E0675206D} = {9275BA93-9268-4BF0-830C-BB768C34A866}
		{228C9122-ED27-45D8-BC29-017ED6ED4CED} = {292875E8-0D2C-4D02-B372-2E2A42E59955}
		{A8755C4C-375D-460C-8F12-ACD082E6B5B3} = {292875E8-0D2C-4D02-B372-2E2A42E59955}
		{19972CDF-2227-46DA-8459-3383E15C72AD} = {292875E8-0D2C-4D02-B372-2E2A42E59955}
	EndGlobalSection
	GlobalSection(ExtensibilityGlobals) = postSolution
		SolutionGuid = {DC9D9D4F-2190-4530-B529-2F3497D51EA0}
	EndGlobalSection
EndGlobal
