
Microsoft Visual Studio Solution File, Format Version 12.00
# Visual Studio Version 16
VisualStudioVersion = 16.0.28729.10
MinimumVisualStudioVersion = 10.0.40219.1
Project("{2150E333-8FDC-42A3-9474-1A3956D46DE8}") = "samples", "samples", "{2846544F-381E-4CB5-8025-A2C7C4C3CB6B}"
EndProject
Project("{2150E333-8FDC-42A3-9474-1A3956D46DE8}") = "src", "src", "{ED32FA3F-FF43-4ECA-A470-EA0C82E2B725}"
EndProject
Project("{2150E333-8FDC-42A3-9474-1A3956D46DE8}") = "tests", "tests", "{D7F5E3A3-1038-45AC-8B82-6F7C68F64254}"
EndProject
Project("{2150E333-8FDC-42A3-9474-1A3956D46DE8}") = "Core", "Core", "{3B3AF354-42CD-4709-8D1D-35883A33F752}"
EndProject
Project("{9A19103F-16F7-4668-BE54-9A1E7A4F7556}") = "MDA.Domain", "src\Core\MDA.Domain\MDA.Domain.csproj", "{F0DEDF21-C4D0-4AE3-8A99-0DD560F5E5A0}"
EndProject
Project("{9A19103F-16F7-4668-BE54-9A1E7A4F7556}") = "MDA.Application", "src\Core\MDA.Application\MDA.Application.csproj", "{D18B0357-DF01-4F94-8998-910E71009C9F}"
EndProject
Project("{2150E333-8FDC-42A3-9474-1A3956D46DE8}") = "EBank", "EBank", "{F1D06836-8942-4D9C-AD27-DF10D4A10C22}"
EndProject
Project("{2150E333-8FDC-42A3-9474-1A3956D46DE8}") = "Application", "Application", "{292875E8-0D2C-4D02-B372-2E2A42E59955}"
EndProject
Project("{2150E333-8FDC-42A3-9474-1A3956D46DE8}") = "Domain", "Domain", "{9275BA93-9268-4BF0-830C-BB768C34A866}"
EndProject
Project("{9A19103F-16F7-4668-BE54-9A1E7A4F7556}") = "EBank.Domain", "samples\EBank\Domain\EBank.Domain\EBank.Domain.csproj", "{77412C49-6F4A-407E-835B-539E0675206D}"
EndProject
Project("{2150E333-8FDC-42A3-9474-1A3956D46DE8}") = "UI", "UI", "{CEB6A9B8-DC88-4AD1-B5F5-536D11B3AD4E}"
EndProject
Project("{9A19103F-16F7-4668-BE54-9A1E7A4F7556}") = "MDA.XUnitTest", "tests\MDA.XUnitTest\MDA.XUnitTest.csproj", "{4A6F2709-D2BE-495D-8641-C6CF8F59FABA}"
EndProject
Project("{9A19103F-16F7-4668-BE54-9A1E7A4F7556}") = "MDA.MessageBus", "src\MessageBuses\MDA.MessageBus\MDA.MessageBus.csproj", "{14A876E0-9D75-4E24-A12E-44C2C3BCEA97}"
EndProject
Project("{9A19103F-16F7-4668-BE54-9A1E7A4F7556}") = "MDA.MessageBus.Disruptor", "src\MessageBuses\MDA.MessageBus.Disruptor\MDA.MessageBus.Disruptor.csproj", "{88E5700D-A8DD-45B8-B19D-73F9AD65804D}"
EndProject
Project("{2150E333-8FDC-42A3-9474-1A3956D46DE8}") = "StateBackends", "StateBackends", "{48819596-519F-4840-8A96-785B6B0B17FB}"
EndProject
Project("{9A19103F-16F7-4668-BE54-9A1E7A4F7556}") = "MDA.StateBackend.MySql", "src\StateBackends\MDA.StateBackend.MySql\MDA.StateBackend.MySql.csproj", "{A9D71ABC-83EB-471C-8B17-056639FEEF2C}"
EndProject
Project("{9A19103F-16F7-4668-BE54-9A1E7A4F7556}") = "MDA.StateBackend.RDBMS.Shared", "src\StateBackends\MDA.StateBackend.RDBMS.Shared\MDA.StateBackend.RDBMS.Shared.csproj", "{2D05BD52-2B33-440E-A898-141B96C86632}"
EndProject
Project("{9A19103F-16F7-4668-BE54-9A1E7A4F7556}") = "MDA.MessageBus.Kafka", "src\MessageBuses\MDA.MessageBus.Kafka\MDA.MessageBus.Kafka.csproj", "{A9B041CF-B616-4295-A05C-1CEFB6876875}"
EndProject
Project("{2150E333-8FDC-42A3-9474-1A3956D46DE8}") = "Docs", "Docs", "{F1090A90-CC30-4FD8-84C5-71D8B0B0E7AD}"
	ProjectSection(SolutionItems) = preProject
		samples\EBank\docs\EBank-ReadDb.sql = samples\EBank\docs\EBank-ReadDb.sql
		samples\EBank\docs\EBank-StateDb.sql = samples\EBank\docs\EBank-StateDb.sql
		samples\EBank\docs\EBank领域建模.md = samples\EBank\docs\EBank领域建模.md
	EndProjectSection
EndProject
Project("{9A19103F-16F7-4668-BE54-9A1E7A4F7556}") = "EBank.ApiServer", "samples\EBank\Application\EBank.ApiServer\EBank.ApiServer.csproj", "{F913E787-B129-499A-8A75-28A3E2E18E8B}"
EndProject
Project("{9A19103F-16F7-4668-BE54-9A1E7A4F7556}") = "MDA.FunctionalTest", "tests\MDA.FunctionalTest\MDA.FunctionalTest.csproj", "{FF49CE59-E96C-4BC4-96E5-640CB37C664C}"
EndProject
Project("{9A19103F-16F7-4668-BE54-9A1E7A4F7556}") = "EBank.Application.Commanding", "samples\EBank\Application\EBank.Application.Commanding\EBank.Application.Commanding.csproj", "{68EB9214-72E7-4642-BF5D-A421B09D10ED}"
EndProject
Project("{9A19103F-16F7-4668-BE54-9A1E7A4F7556}") = "EBank.Domain.Repositories", "samples\EBank\Domain\EBank.Domain.Repositories\EBank.Domain.Repositories.csproj", "{46258155-F5FE-4716-A28A-E02E8A172318}"
EndProject
Project("{9A19103F-16F7-4668-BE54-9A1E7A4F7556}") = "EBank.Domain.Repositories.MySql", "samples\EBank\Domain\EBank.Domain.Repositories.MySql\EBank.Domain.Repositories.MySql.csproj", "{3ACB2FD7-9E6E-4FDF-B62D-A930B34ECAD9}"
EndProject
Project("{2150E333-8FDC-42A3-9474-1A3956D46DE8}") = "MessageBuses", "MessageBuses", "{3B391F38-0BAF-43BF-83F4-098D32A6287B}"
EndProject
Project("{9A19103F-16F7-4668-BE54-9A1E7A4F7556}") = "MDA.Infrastructure", "src\Core\MDA.Infrastructure\MDA.Infrastructure.csproj", "{14251FF9-4429-4A2C-8C93-0B631DE19A5C}"
EndProject
Project("{FAE04EC0-301F-11D3-BF4B-00C04F79EFBC}") = "MDA.Domain.Shared", "src\Core\MDA.Domain.Shared\MDA.Domain.Shared.csproj", "{026B6393-F6A2-4942-8B73-2879D4EDA923}"
EndProject
Project("{9A19103F-16F7-4668-BE54-9A1E7A4F7556}") = "EBank.DomainServer", "samples\EBank\Application\EBank.DomainServer\EBank.DomainServer.csproj", "{A2C70031-8D5C-4388-B4BE-22D073DD4955}"
EndProject
Global
	GlobalSection(SolutionConfigurationPlatforms) = preSolution
		Debug|Any CPU = Debug|Any CPU
		Release|Any CPU = Release|Any CPU
		Staging|Any CPU = Staging|Any CPU
	EndGlobalSection
	GlobalSection(ProjectConfigurationPlatforms) = postSolution
		{F0DEDF21-C4D0-4AE3-8A99-0DD560F5E5A0}.Debug|Any CPU.ActiveCfg = Debug|Any CPU
		{F0DEDF21-C4D0-4AE3-8A99-0DD560F5E5A0}.Debug|Any CPU.Build.0 = Debug|Any CPU
		{F0DEDF21-C4D0-4AE3-8A99-0DD560F5E5A0}.Release|Any CPU.ActiveCfg = Release|Any CPU
		{F0DEDF21-C4D0-4AE3-8A99-0DD560F5E5A0}.Release|Any CPU.Build.0 = Release|Any CPU
		{F0DEDF21-C4D0-4AE3-8A99-0DD560F5E5A0}.Staging|Any CPU.ActiveCfg = Staging|Any CPU
		{F0DEDF21-C4D0-4AE3-8A99-0DD560F5E5A0}.Staging|Any CPU.Build.0 = Staging|Any CPU
		{D18B0357-DF01-4F94-8998-910E71009C9F}.Debug|Any CPU.ActiveCfg = Debug|Any CPU
		{D18B0357-DF01-4F94-8998-910E71009C9F}.Debug|Any CPU.Build.0 = Debug|Any CPU
		{D18B0357-DF01-4F94-8998-910E71009C9F}.Release|Any CPU.ActiveCfg = Release|Any CPU
		{D18B0357-DF01-4F94-8998-910E71009C9F}.Release|Any CPU.Build.0 = Release|Any CPU
		{D18B0357-DF01-4F94-8998-910E71009C9F}.Staging|Any CPU.ActiveCfg = Staging|Any CPU
		{D18B0357-DF01-4F94-8998-910E71009C9F}.Staging|Any CPU.Build.0 = Staging|Any CPU
		{77412C49-6F4A-407E-835B-539E0675206D}.Debug|Any CPU.ActiveCfg = Debug|Any CPU
		{77412C49-6F4A-407E-835B-539E0675206D}.Debug|Any CPU.Build.0 = Debug|Any CPU
		{77412C49-6F4A-407E-835B-539E0675206D}.Release|Any CPU.ActiveCfg = Release|Any CPU
		{77412C49-6F4A-407E-835B-539E0675206D}.Release|Any CPU.Build.0 = Release|Any CPU
		{77412C49-6F4A-407E-835B-539E0675206D}.Staging|Any CPU.ActiveCfg = Staging|Any CPU
		{77412C49-6F4A-407E-835B-539E0675206D}.Staging|Any CPU.Build.0 = Staging|Any CPU
		{4A6F2709-D2BE-495D-8641-C6CF8F59FABA}.Debug|Any CPU.ActiveCfg = Debug|Any CPU
		{4A6F2709-D2BE-495D-8641-C6CF8F59FABA}.Debug|Any CPU.Build.0 = Debug|Any CPU
		{4A6F2709-D2BE-495D-8641-C6CF8F59FABA}.Release|Any CPU.ActiveCfg = Release|Any CPU
		{4A6F2709-D2BE-495D-8641-C6CF8F59FABA}.Release|Any CPU.Build.0 = Release|Any CPU
		{4A6F2709-D2BE-495D-8641-C6CF8F59FABA}.Staging|Any CPU.ActiveCfg = Staging|Any CPU
		{4A6F2709-D2BE-495D-8641-C6CF8F59FABA}.Staging|Any CPU.Build.0 = Staging|Any CPU
		{14A876E0-9D75-4E24-A12E-44C2C3BCEA97}.Debug|Any CPU.ActiveCfg = Debug|Any CPU
		{14A876E0-9D75-4E24-A12E-44C2C3BCEA97}.Debug|Any CPU.Build.0 = Debug|Any CPU
		{14A876E0-9D75-4E24-A12E-44C2C3BCEA97}.Release|Any CPU.ActiveCfg = Release|Any CPU
		{14A876E0-9D75-4E24-A12E-44C2C3BCEA97}.Release|Any CPU.Build.0 = Release|Any CPU
		{14A876E0-9D75-4E24-A12E-44C2C3BCEA97}.Staging|Any CPU.ActiveCfg = Staging|Any CPU
		{14A876E0-9D75-4E24-A12E-44C2C3BCEA97}.Staging|Any CPU.Build.0 = Staging|Any CPU
		{88E5700D-A8DD-45B8-B19D-73F9AD65804D}.Debug|Any CPU.ActiveCfg = Debug|Any CPU
		{88E5700D-A8DD-45B8-B19D-73F9AD65804D}.Debug|Any CPU.Build.0 = Debug|Any CPU
		{88E5700D-A8DD-45B8-B19D-73F9AD65804D}.Release|Any CPU.ActiveCfg = Release|Any CPU
		{88E5700D-A8DD-45B8-B19D-73F9AD65804D}.Release|Any CPU.Build.0 = Release|Any CPU
		{88E5700D-A8DD-45B8-B19D-73F9AD65804D}.Staging|Any CPU.ActiveCfg = Staging|Any CPU
		{88E5700D-A8DD-45B8-B19D-73F9AD65804D}.Staging|Any CPU.Build.0 = Staging|Any CPU
		{A9D71ABC-83EB-471C-8B17-056639FEEF2C}.Debug|Any CPU.ActiveCfg = Debug|Any CPU
		{A9D71ABC-83EB-471C-8B17-056639FEEF2C}.Debug|Any CPU.Build.0 = Debug|Any CPU
		{A9D71ABC-83EB-471C-8B17-056639FEEF2C}.Release|Any CPU.ActiveCfg = Release|Any CPU
		{A9D71ABC-83EB-471C-8B17-056639FEEF2C}.Release|Any CPU.Build.0 = Release|Any CPU
		{A9D71ABC-83EB-471C-8B17-056639FEEF2C}.Staging|Any CPU.ActiveCfg = Staging|Any CPU
		{A9D71ABC-83EB-471C-8B17-056639FEEF2C}.Staging|Any CPU.Build.0 = Staging|Any CPU
		{2D05BD52-2B33-440E-A898-141B96C86632}.Debug|Any CPU.ActiveCfg = Debug|Any CPU
		{2D05BD52-2B33-440E-A898-141B96C86632}.Debug|Any CPU.Build.0 = Debug|Any CPU
		{2D05BD52-2B33-440E-A898-141B96C86632}.Release|Any CPU.ActiveCfg = Release|Any CPU
		{2D05BD52-2B33-440E-A898-141B96C86632}.Release|Any CPU.Build.0 = Release|Any CPU
		{2D05BD52-2B33-440E-A898-141B96C86632}.Staging|Any CPU.ActiveCfg = Staging|Any CPU
		{2D05BD52-2B33-440E-A898-141B96C86632}.Staging|Any CPU.Build.0 = Staging|Any CPU
		{A9B041CF-B616-4295-A05C-1CEFB6876875}.Debug|Any CPU.ActiveCfg = Debug|Any CPU
		{A9B041CF-B616-4295-A05C-1CEFB6876875}.Debug|Any CPU.Build.0 = Debug|Any CPU
		{A9B041CF-B616-4295-A05C-1CEFB6876875}.Release|Any CPU.ActiveCfg = Release|Any CPU
		{A9B041CF-B616-4295-A05C-1CEFB6876875}.Release|Any CPU.Build.0 = Release|Any CPU
		{A9B041CF-B616-4295-A05C-1CEFB6876875}.Staging|Any CPU.ActiveCfg = Staging|Any CPU
		{A9B041CF-B616-4295-A05C-1CEFB6876875}.Staging|Any CPU.Build.0 = Staging|Any CPU
		{F913E787-B129-499A-8A75-28A3E2E18E8B}.Debug|Any CPU.ActiveCfg = Debug|Any CPU
		{F913E787-B129-499A-8A75-28A3E2E18E8B}.Debug|Any CPU.Build.0 = Debug|Any CPU
		{F913E787-B129-499A-8A75-28A3E2E18E8B}.Release|Any CPU.ActiveCfg = Release|Any CPU
		{F913E787-B129-499A-8A75-28A3E2E18E8B}.Release|Any CPU.Build.0 = Release|Any CPU
		{F913E787-B129-499A-8A75-28A3E2E18E8B}.Staging|Any CPU.ActiveCfg = Staging|Any CPU
		{F913E787-B129-499A-8A75-28A3E2E18E8B}.Staging|Any CPU.Build.0 = Staging|Any CPU
		{FF49CE59-E96C-4BC4-96E5-640CB37C664C}.Debug|Any CPU.ActiveCfg = Debug|Any CPU
		{FF49CE59-E96C-4BC4-96E5-640CB37C664C}.Debug|Any CPU.Build.0 = Debug|Any CPU
		{FF49CE59-E96C-4BC4-96E5-640CB37C664C}.Release|Any CPU.ActiveCfg = Release|Any CPU
		{FF49CE59-E96C-4BC4-96E5-640CB37C664C}.Release|Any CPU.Build.0 = Release|Any CPU
		{FF49CE59-E96C-4BC4-96E5-640CB37C664C}.Staging|Any CPU.ActiveCfg = Staging|Any CPU
		{FF49CE59-E96C-4BC4-96E5-640CB37C664C}.Staging|Any CPU.Build.0 = Staging|Any CPU
		{68EB9214-72E7-4642-BF5D-A421B09D10ED}.Debug|Any CPU.ActiveCfg = Debug|Any CPU
		{68EB9214-72E7-4642-BF5D-A421B09D10ED}.Debug|Any CPU.Build.0 = Debug|Any CPU
		{68EB9214-72E7-4642-BF5D-A421B09D10ED}.Release|Any CPU.ActiveCfg = Release|Any CPU
		{68EB9214-72E7-4642-BF5D-A421B09D10ED}.Release|Any CPU.Build.0 = Release|Any CPU
		{68EB9214-72E7-4642-BF5D-A421B09D10ED}.Staging|Any CPU.ActiveCfg = Staging|Any CPU
		{68EB9214-72E7-4642-BF5D-A421B09D10ED}.Staging|Any CPU.Build.0 = Staging|Any CPU
		{46258155-F5FE-4716-A28A-E02E8A172318}.Debug|Any CPU.ActiveCfg = Debug|Any CPU
		{46258155-F5FE-4716-A28A-E02E8A172318}.Debug|Any CPU.Build.0 = Debug|Any CPU
		{46258155-F5FE-4716-A28A-E02E8A172318}.Release|Any CPU.ActiveCfg = Release|Any CPU
		{46258155-F5FE-4716-A28A-E02E8A172318}.Release|Any CPU.Build.0 = Release|Any CPU
		{46258155-F5FE-4716-A28A-E02E8A172318}.Staging|Any CPU.ActiveCfg = Staging|Any CPU
		{46258155-F5FE-4716-A28A-E02E8A172318}.Staging|Any CPU.Build.0 = Staging|Any CPU
		{3ACB2FD7-9E6E-4FDF-B62D-A930B34ECAD9}.Debug|Any CPU.ActiveCfg = Debug|Any CPU
		{3ACB2FD7-9E6E-4FDF-B62D-A930B34ECAD9}.Debug|Any CPU.Build.0 = Debug|Any CPU
		{3ACB2FD7-9E6E-4FDF-B62D-A930B34ECAD9}.Release|Any CPU.ActiveCfg = Release|Any CPU
		{3ACB2FD7-9E6E-4FDF-B62D-A930B34ECAD9}.Release|Any CPU.Build.0 = Release|Any CPU
		{3ACB2FD7-9E6E-4FDF-B62D-A930B34ECAD9}.Staging|Any CPU.ActiveCfg = Staging|Any CPU
		{3ACB2FD7-9E6E-4FDF-B62D-A930B34ECAD9}.Staging|Any CPU.Build.0 = Staging|Any CPU
		{14251FF9-4429-4A2C-8C93-0B631DE19A5C}.Debug|Any CPU.ActiveCfg = Debug|Any CPU
		{14251FF9-4429-4A2C-8C93-0B631DE19A5C}.Debug|Any CPU.Build.0 = Debug|Any CPU
		{14251FF9-4429-4A2C-8C93-0B631DE19A5C}.Release|Any CPU.ActiveCfg = Release|Any CPU
		{14251FF9-4429-4A2C-8C93-0B631DE19A5C}.Release|Any CPU.Build.0 = Release|Any CPU
		{14251FF9-4429-4A2C-8C93-0B631DE19A5C}.Staging|Any CPU.ActiveCfg = Staging|Any CPU
		{14251FF9-4429-4A2C-8C93-0B631DE19A5C}.Staging|Any CPU.Build.0 = Staging|Any CPU
		{026B6393-F6A2-4942-8B73-2879D4EDA923}.Debug|Any CPU.ActiveCfg = Debug|Any CPU
		{026B6393-F6A2-4942-8B73-2879D4EDA923}.Debug|Any CPU.Build.0 = Debug|Any CPU
		{026B6393-F6A2-4942-8B73-2879D4EDA923}.Release|Any CPU.ActiveCfg = Release|Any CPU
		{026B6393-F6A2-4942-8B73-2879D4EDA923}.Release|Any CPU.Build.0 = Release|Any CPU
		{026B6393-F6A2-4942-8B73-2879D4EDA923}.Staging|Any CPU.ActiveCfg = Debug|Any CPU
		{026B6393-F6A2-4942-8B73-2879D4EDA923}.Staging|Any CPU.Build.0 = Debug|Any CPU
		{A2C70031-8D5C-4388-B4BE-22D073DD4955}.Debug|Any CPU.ActiveCfg = Debug|Any CPU
		{A2C70031-8D5C-4388-B4BE-22D073DD4955}.Debug|Any CPU.Build.0 = Debug|Any CPU
		{A2C70031-8D5C-4388-B4BE-22D073DD4955}.Release|Any CPU.ActiveCfg = Release|Any CPU
		{A2C70031-8D5C-4388-B4BE-22D073DD4955}.Release|Any CPU.Build.0 = Release|Any CPU
		{A2C70031-8D5C-4388-B4BE-22D073DD4955}.Staging|Any CPU.ActiveCfg = Staging|Any CPU
		{A2C70031-8D5C-4388-B4BE-22D073DD4955}.Staging|Any CPU.Build.0 = Staging|Any CPU
	EndGlobalSection
	GlobalSection(SolutionProperties) = preSolution
		HideSolutionNode = FALSE
	EndGlobalSection
	GlobalSection(NestedProjects) = preSolution
		{3B3AF354-42CD-4709-8D1D-35883A33F752} = {ED32FA3F-FF43-4ECA-A470-EA0C82E2B725}
		{F0DEDF21-C4D0-4AE3-8A99-0DD560F5E5A0} = {3B3AF354-42CD-4709-8D1D-35883A33F752}
		{D18B0357-DF01-4F94-8998-910E71009C9F} = {3B3AF354-42CD-4709-8D1D-35883A33F752}
		{F1D06836-8942-4D9C-AD27-DF10D4A10C22} = {2846544F-381E-4CB5-8025-A2C7C4C3CB6B}
		{292875E8-0D2C-4D02-B372-2E2A42E59955} = {F1D06836-8942-4D9C-AD27-DF10D4A10C22}
		{9275BA93-9268-4BF0-830C-BB768C34A866} = {F1D06836-8942-4D9C-AD27-DF10D4A10C22}
		{77412C49-6F4A-407E-835B-539E0675206D} = {9275BA93-9268-4BF0-830C-BB768C34A866}
		{CEB6A9B8-DC88-4AD1-B5F5-536D11B3AD4E} = {F1D06836-8942-4D9C-AD27-DF10D4A10C22}
		{4A6F2709-D2BE-495D-8641-C6CF8F59FABA} = {D7F5E3A3-1038-45AC-8B82-6F7C68F64254}
		{14A876E0-9D75-4E24-A12E-44C2C3BCEA97} = {3B391F38-0BAF-43BF-83F4-098D32A6287B}
		{88E5700D-A8DD-45B8-B19D-73F9AD65804D} = {3B391F38-0BAF-43BF-83F4-098D32A6287B}
		{48819596-519F-4840-8A96-785B6B0B17FB} = {ED32FA3F-FF43-4ECA-A470-EA0C82E2B725}
		{A9D71ABC-83EB-471C-8B17-056639FEEF2C} = {48819596-519F-4840-8A96-785B6B0B17FB}
		{2D05BD52-2B33-440E-A898-141B96C86632} = {48819596-519F-4840-8A96-785B6B0B17FB}
		{A9B041CF-B616-4295-A05C-1CEFB6876875} = {3B391F38-0BAF-43BF-83F4-098D32A6287B}
		{F1090A90-CC30-4FD8-84C5-71D8B0B0E7AD} = {F1D06836-8942-4D9C-AD27-DF10D4A10C22}
		{F913E787-B129-499A-8A75-28A3E2E18E8B} = {292875E8-0D2C-4D02-B372-2E2A42E59955}
		{FF49CE59-E96C-4BC4-96E5-640CB37C664C} = {D7F5E3A3-1038-45AC-8B82-6F7C68F64254}
		{68EB9214-72E7-4642-BF5D-A421B09D10ED} = {292875E8-0D2C-4D02-B372-2E2A42E59955}
		{46258155-F5FE-4716-A28A-E02E8A172318} = {9275BA93-9268-4BF0-830C-BB768C34A866}
		{3ACB2FD7-9E6E-4FDF-B62D-A930B34ECAD9} = {9275BA93-9268-4BF0-830C-BB768C34A866}
		{3B391F38-0BAF-43BF-83F4-098D32A6287B} = {ED32FA3F-FF43-4ECA-A470-EA0C82E2B725}
		{14251FF9-4429-4A2C-8C93-0B631DE19A5C} = {3B3AF354-42CD-4709-8D1D-35883A33F752}
		{026B6393-F6A2-4942-8B73-2879D4EDA923} = {3B3AF354-42CD-4709-8D1D-35883A33F752}
		{A2C70031-8D5C-4388-B4BE-22D073DD4955} = {292875E8-0D2C-4D02-B372-2E2A42E59955}
	EndGlobalSection
	GlobalSection(ExtensibilityGlobals) = postSolution
		SolutionGuid = {DC9D9D4F-2190-4530-B529-2F3497D51EA0}
	EndGlobalSection
EndGlobal
