
Microsoft Visual Studio Solution File, Format Version 12.00
# Visual Studio 15
VisualStudioVersion = 15.0.27703.2047
MinimumVisualStudioVersion = 10.0.40219.1
Project("{9A19103F-16F7-4668-BE54-9A1E7A4F7556}") = "MDA.Tests", "tests\MDA.Tests\MDA.Tests.csproj", "{B7D4064E-58C2-47B6-9418-2BD4826F405F}"
EndProject
Project("{2150E333-8FDC-42A3-9474-1A3956D46DE8}") = "samples", "samples", "{2846544F-381E-4CB5-8025-A2C7C4C3CB6B}"
EndProject
Project("{9A19103F-16F7-4668-BE54-9A1E7A4F7556}") = "OrleansSiloHost", "samples\OrleansSiloHost\OrleansSiloHost.csproj", "{BE54B1A9-BBB1-4FB6-A792-A188790B016A}"
EndProject
Project("{9A19103F-16F7-4668-BE54-9A1E7A4F7556}") = "OrleansClient", "samples\OrleansClient\OrleansClient.csproj", "{B6C3938A-ECC1-4268-9F4D-73C1A07D0BF0}"
EndProject
Project("{9A19103F-16F7-4668-BE54-9A1E7A4F7556}") = "Grain.interfaces", "samples\Grain.interfaces\Grain.interfaces.csproj", "{28709647-4A97-4D6C-8F03-267E2D02600E}"
EndProject
Project("{9A19103F-16F7-4668-BE54-9A1E7A4F7556}") = "Grain.Implementations", "samples\Grain.Implementations\Grain.Implementations.csproj", "{CDE743CA-9144-4366-8BC4-D98FEBC74673}"
EndProject
Project("{9A19103F-16F7-4668-BE54-9A1E7A4F7556}") = "PipelinesApp", "samples\PipelinesApp\PipelinesApp.csproj", "{40ED67C5-D383-4399-83BE-3B98AA8F4001}"
EndProject
Project("{2150E333-8FDC-42A3-9474-1A3956D46DE8}") = "src", "src", "{ED32FA3F-FF43-4ECA-A470-EA0C82E2B725}"
EndProject
Project("{2150E333-8FDC-42A3-9474-1A3956D46DE8}") = "tests", "tests", "{D7F5E3A3-1038-45AC-8B82-6F7C68F64254}"
EndProject
Project("{2150E333-8FDC-42A3-9474-1A3956D46DE8}") = "Forums", "Forums", "{0959E381-F404-4846-9BFB-59484E5AD6E1}"
EndProject
Project("{9A19103F-16F7-4668-BE54-9A1E7A4F7556}") = "Forum.Domain", "samples\Forums\Forum.Domain\Forum.Domain.csproj", "{C8DF1913-C20B-4E70-A411-357B10D75D15}"
EndProject
Project("{9A19103F-16F7-4668-BE54-9A1E7A4F7556}") = "MDA.Test.Disruptor", "tests\MDA.Test.Disruptor\MDA.Test.Disruptor.csproj", "{52A18A42-9C62-4D2E-8F37-913A08828632}"
EndProject
Project("{2150E333-8FDC-42A3-9474-1A3956D46DE8}") = "BuildingBlocks", "BuildingBlocks", "{4FF04C4A-32F7-4164-A830-A35400506D35}"
EndProject
Project("{9A19103F-16F7-4668-BE54-9A1E7A4F7556}") = "MDA.MessageBus", "src\BuildingBlocks\MDA.MessageBus\MDA.MessageBus.csproj", "{5415B823-17FA-4A9A-B01C-4258916B435D}"
EndProject
Project("{9A19103F-16F7-4668-BE54-9A1E7A4F7556}") = "MDA.Common", "src\BuildingBlocks\MDA.Common\MDA.Common.csproj", "{685A7F54-2A0E-4E61-8166-D014641C688A}"
EndProject
Project("{2150E333-8FDC-42A3-9474-1A3956D46DE8}") = "Core", "Core", "{3B3AF354-42CD-4709-8D1D-35883A33F752}"
EndProject
Project("{2150E333-8FDC-42A3-9474-1A3956D46DE8}") = "Command", "Command", "{B10132BA-B329-494E-BF05-4A7B0ECCAB52}"
EndProject
Project("{2150E333-8FDC-42A3-9474-1A3956D46DE8}") = "Event", "Event", "{7CA98D95-6064-422A-9EF3-584077EC60FD}"
EndProject
Project("{9A19103F-16F7-4668-BE54-9A1E7A4F7556}") = "MDA.EventStore.MySql", "src\Core\Event\MDA.EventStore.MySql\MDA.EventStore.MySql.csproj", "{DBAC47DD-1E48-4132-9B5F-96BC835B22BA}"
EndProject
Project("{9A19103F-16F7-4668-BE54-9A1E7A4F7556}") = "MDA.EventStore.SqlServer", "src\Core\Event\MDA.EventStore.SqlServer\MDA.EventStore.SqlServer.csproj", "{41B21E6D-E051-4370-B2C2-0FFA5D3F29F2}"
EndProject
Project("{9A19103F-16F7-4668-BE54-9A1E7A4F7556}") = "MDA.Command", "src\Core\Command\MDA.Command\MDA.Command.csproj", "{4EF1A3B6-D4BD-41D3-B57F-93C5A1F2F41C}"
EndProject
Project("{9A19103F-16F7-4668-BE54-9A1E7A4F7556}") = "MDA.Event", "src\Core\Event\MDA.Event\MDA.Event.csproj", "{C6C2B539-B82E-411B-AADD-C73A75B0FA62}"
EndProject
Project("{9A19103F-16F7-4668-BE54-9A1E7A4F7556}") = "MDA.MessageBus.Kafka", "src\BuildingBlocks\MDA.MessageBus.Kafka\MDA.MessageBus.Kafka.csproj", "{F4005532-C077-4FEF-BE47-35D66335D4EE}"
EndProject
Project("{FAE04EC0-301F-11D3-BF4B-00C04F79EFBC}") = "MDA.Core.EventSourcing", "src\Core\MDA.Core.EventSourcing\MDA.Core.EventSourcing.csproj", "{F87EBA75-8D74-4895-AEAD-39BF679664D1}"
EndProject
Project("{FAE04EC0-301F-11D3-BF4B-00C04F79EFBC}") = "MDA.Core.Checkpoint", "src\Core\MDA.Core.Checkpoint\MDA.Core.Checkpoint.csproj", "{11A4716D-0D91-4659-9FBD-515FA43D1B5A}"
EndProject
Project("{FAE04EC0-301F-11D3-BF4B-00C04F79EFBC}") = "MDA.Core.HeartBeat", "src\Core\MDA.Core.HeartBeat\MDA.Core.HeartBeat.csproj", "{B848ACF6-3E41-45AA-85B5-7D1FDA67A125}"
EndProject
Project("{FAE04EC0-301F-11D3-BF4B-00C04F79EFBC}") = "MDA.EventStoring", "src\BuildingBlocks\MDA.EventStoring\MDA.EventStoring.csproj", "{3436BA79-932A-4E21-853A-CB75685BEF36}"
EndProject
Global
	GlobalSection(SolutionConfigurationPlatforms) = preSolution
		Debug|Any CPU = Debug|Any CPU
		Release|Any CPU = Release|Any CPU
	EndGlobalSection
	GlobalSection(ProjectConfigurationPlatforms) = postSolution
		{B7D4064E-58C2-47B6-9418-2BD4826F405F}.Debug|Any CPU.ActiveCfg = Debug|Any CPU
		{B7D4064E-58C2-47B6-9418-2BD4826F405F}.Debug|Any CPU.Build.0 = Debug|Any CPU
		{B7D4064E-58C2-47B6-9418-2BD4826F405F}.Release|Any CPU.ActiveCfg = Release|Any CPU
		{B7D4064E-58C2-47B6-9418-2BD4826F405F}.Release|Any CPU.Build.0 = Release|Any CPU
		{BE54B1A9-BBB1-4FB6-A792-A188790B016A}.Debug|Any CPU.ActiveCfg = Debug|Any CPU
		{BE54B1A9-BBB1-4FB6-A792-A188790B016A}.Debug|Any CPU.Build.0 = Debug|Any CPU
		{BE54B1A9-BBB1-4FB6-A792-A188790B016A}.Release|Any CPU.ActiveCfg = Release|Any CPU
		{BE54B1A9-BBB1-4FB6-A792-A188790B016A}.Release|Any CPU.Build.0 = Release|Any CPU
		{B6C3938A-ECC1-4268-9F4D-73C1A07D0BF0}.Debug|Any CPU.ActiveCfg = Debug|Any CPU
		{B6C3938A-ECC1-4268-9F4D-73C1A07D0BF0}.Debug|Any CPU.Build.0 = Debug|Any CPU
		{B6C3938A-ECC1-4268-9F4D-73C1A07D0BF0}.Release|Any CPU.ActiveCfg = Release|Any CPU
		{B6C3938A-ECC1-4268-9F4D-73C1A07D0BF0}.Release|Any CPU.Build.0 = Release|Any CPU
		{28709647-4A97-4D6C-8F03-267E2D02600E}.Debug|Any CPU.ActiveCfg = Debug|Any CPU
		{28709647-4A97-4D6C-8F03-267E2D02600E}.Debug|Any CPU.Build.0 = Debug|Any CPU
		{28709647-4A97-4D6C-8F03-267E2D02600E}.Release|Any CPU.ActiveCfg = Release|Any CPU
		{28709647-4A97-4D6C-8F03-267E2D02600E}.Release|Any CPU.Build.0 = Release|Any CPU
		{CDE743CA-9144-4366-8BC4-D98FEBC74673}.Debug|Any CPU.ActiveCfg = Debug|Any CPU
		{CDE743CA-9144-4366-8BC4-D98FEBC74673}.Debug|Any CPU.Build.0 = Debug|Any CPU
		{CDE743CA-9144-4366-8BC4-D98FEBC74673}.Release|Any CPU.ActiveCfg = Release|Any CPU
		{CDE743CA-9144-4366-8BC4-D98FEBC74673}.Release|Any CPU.Build.0 = Release|Any CPU
		{40ED67C5-D383-4399-83BE-3B98AA8F4001}.Debug|Any CPU.ActiveCfg = Debug|Any CPU
		{40ED67C5-D383-4399-83BE-3B98AA8F4001}.Debug|Any CPU.Build.0 = Debug|Any CPU
		{40ED67C5-D383-4399-83BE-3B98AA8F4001}.Release|Any CPU.ActiveCfg = Release|Any CPU
		{40ED67C5-D383-4399-83BE-3B98AA8F4001}.Release|Any CPU.Build.0 = Release|Any CPU
		{C8DF1913-C20B-4E70-A411-357B10D75D15}.Debug|Any CPU.ActiveCfg = Debug|Any CPU
		{C8DF1913-C20B-4E70-A411-357B10D75D15}.Debug|Any CPU.Build.0 = Debug|Any CPU
		{C8DF1913-C20B-4E70-A411-357B10D75D15}.Release|Any CPU.ActiveCfg = Release|Any CPU
		{C8DF1913-C20B-4E70-A411-357B10D75D15}.Release|Any CPU.Build.0 = Release|Any CPU
		{52A18A42-9C62-4D2E-8F37-913A08828632}.Debug|Any CPU.ActiveCfg = Debug|Any CPU
		{52A18A42-9C62-4D2E-8F37-913A08828632}.Debug|Any CPU.Build.0 = Debug|Any CPU
		{52A18A42-9C62-4D2E-8F37-913A08828632}.Release|Any CPU.ActiveCfg = Release|Any CPU
		{52A18A42-9C62-4D2E-8F37-913A08828632}.Release|Any CPU.Build.0 = Release|Any CPU
		{5415B823-17FA-4A9A-B01C-4258916B435D}.Debug|Any CPU.ActiveCfg = Debug|Any CPU
		{5415B823-17FA-4A9A-B01C-4258916B435D}.Debug|Any CPU.Build.0 = Debug|Any CPU
		{5415B823-17FA-4A9A-B01C-4258916B435D}.Release|Any CPU.ActiveCfg = Release|Any CPU
		{5415B823-17FA-4A9A-B01C-4258916B435D}.Release|Any CPU.Build.0 = Release|Any CPU
		{685A7F54-2A0E-4E61-8166-D014641C688A}.Debug|Any CPU.ActiveCfg = Debug|Any CPU
		{685A7F54-2A0E-4E61-8166-D014641C688A}.Debug|Any CPU.Build.0 = Debug|Any CPU
		{685A7F54-2A0E-4E61-8166-D014641C688A}.Release|Any CPU.ActiveCfg = Release|Any CPU
		{685A7F54-2A0E-4E61-8166-D014641C688A}.Release|Any CPU.Build.0 = Release|Any CPU
		{DBAC47DD-1E48-4132-9B5F-96BC835B22BA}.Debug|Any CPU.ActiveCfg = Debug|Any CPU
		{DBAC47DD-1E48-4132-9B5F-96BC835B22BA}.Debug|Any CPU.Build.0 = Debug|Any CPU
		{DBAC47DD-1E48-4132-9B5F-96BC835B22BA}.Release|Any CPU.ActiveCfg = Release|Any CPU
		{DBAC47DD-1E48-4132-9B5F-96BC835B22BA}.Release|Any CPU.Build.0 = Release|Any CPU
		{41B21E6D-E051-4370-B2C2-0FFA5D3F29F2}.Debug|Any CPU.ActiveCfg = Debug|Any CPU
		{41B21E6D-E051-4370-B2C2-0FFA5D3F29F2}.Debug|Any CPU.Build.0 = Debug|Any CPU
		{41B21E6D-E051-4370-B2C2-0FFA5D3F29F2}.Release|Any CPU.ActiveCfg = Release|Any CPU
		{41B21E6D-E051-4370-B2C2-0FFA5D3F29F2}.Release|Any CPU.Build.0 = Release|Any CPU
		{4EF1A3B6-D4BD-41D3-B57F-93C5A1F2F41C}.Debug|Any CPU.ActiveCfg = Debug|Any CPU
		{4EF1A3B6-D4BD-41D3-B57F-93C5A1F2F41C}.Debug|Any CPU.Build.0 = Debug|Any CPU
		{4EF1A3B6-D4BD-41D3-B57F-93C5A1F2F41C}.Release|Any CPU.ActiveCfg = Release|Any CPU
		{4EF1A3B6-D4BD-41D3-B57F-93C5A1F2F41C}.Release|Any CPU.Build.0 = Release|Any CPU
		{C6C2B539-B82E-411B-AADD-C73A75B0FA62}.Debug|Any CPU.ActiveCfg = Debug|Any CPU
		{C6C2B539-B82E-411B-AADD-C73A75B0FA62}.Debug|Any CPU.Build.0 = Debug|Any CPU
		{C6C2B539-B82E-411B-AADD-C73A75B0FA62}.Release|Any CPU.ActiveCfg = Release|Any CPU
		{C6C2B539-B82E-411B-AADD-C73A75B0FA62}.Release|Any CPU.Build.0 = Release|Any CPU
		{F4005532-C077-4FEF-BE47-35D66335D4EE}.Debug|Any CPU.ActiveCfg = Debug|Any CPU
		{F4005532-C077-4FEF-BE47-35D66335D4EE}.Debug|Any CPU.Build.0 = Debug|Any CPU
		{F4005532-C077-4FEF-BE47-35D66335D4EE}.Release|Any CPU.ActiveCfg = Release|Any CPU
		{F4005532-C077-4FEF-BE47-35D66335D4EE}.Release|Any CPU.Build.0 = Release|Any CPU
		{F87EBA75-8D74-4895-AEAD-39BF679664D1}.Debug|Any CPU.ActiveCfg = Debug|Any CPU
		{F87EBA75-8D74-4895-AEAD-39BF679664D1}.Debug|Any CPU.Build.0 = Debug|Any CPU
		{F87EBA75-8D74-4895-AEAD-39BF679664D1}.Release|Any CPU.ActiveCfg = Release|Any CPU
		{F87EBA75-8D74-4895-AEAD-39BF679664D1}.Release|Any CPU.Build.0 = Release|Any CPU
		{11A4716D-0D91-4659-9FBD-515FA43D1B5A}.Debug|Any CPU.ActiveCfg = Debug|Any CPU
		{11A4716D-0D91-4659-9FBD-515FA43D1B5A}.Debug|Any CPU.Build.0 = Debug|Any CPU
		{11A4716D-0D91-4659-9FBD-515FA43D1B5A}.Release|Any CPU.ActiveCfg = Release|Any CPU
		{11A4716D-0D91-4659-9FBD-515FA43D1B5A}.Release|Any CPU.Build.0 = Release|Any CPU
		{B848ACF6-3E41-45AA-85B5-7D1FDA67A125}.Debug|Any CPU.ActiveCfg = Debug|Any CPU
		{B848ACF6-3E41-45AA-85B5-7D1FDA67A125}.Debug|Any CPU.Build.0 = Debug|Any CPU
		{B848ACF6-3E41-45AA-85B5-7D1FDA67A125}.Release|Any CPU.ActiveCfg = Release|Any CPU
		{B848ACF6-3E41-45AA-85B5-7D1FDA67A125}.Release|Any CPU.Build.0 = Release|Any CPU
		{3436BA79-932A-4E21-853A-CB75685BEF36}.Debug|Any CPU.ActiveCfg = Debug|Any CPU
		{3436BA79-932A-4E21-853A-CB75685BEF36}.Debug|Any CPU.Build.0 = Debug|Any CPU
		{3436BA79-932A-4E21-853A-CB75685BEF36}.Release|Any CPU.ActiveCfg = Release|Any CPU
		{3436BA79-932A-4E21-853A-CB75685BEF36}.Release|Any CPU.Build.0 = Release|Any CPU
	EndGlobalSection
	GlobalSection(SolutionProperties) = preSolution
		HideSolutionNode = FALSE
	EndGlobalSection
	GlobalSection(NestedProjects) = preSolution
		{B7D4064E-58C2-47B6-9418-2BD4826F405F} = {D7F5E3A3-1038-45AC-8B82-6F7C68F64254}
		{BE54B1A9-BBB1-4FB6-A792-A188790B016A} = {2846544F-381E-4CB5-8025-A2C7C4C3CB6B}
		{B6C3938A-ECC1-4268-9F4D-73C1A07D0BF0} = {2846544F-381E-4CB5-8025-A2C7C4C3CB6B}
		{28709647-4A97-4D6C-8F03-267E2D02600E} = {2846544F-381E-4CB5-8025-A2C7C4C3CB6B}
		{CDE743CA-9144-4366-8BC4-D98FEBC74673} = {2846544F-381E-4CB5-8025-A2C7C4C3CB6B}
		{40ED67C5-D383-4399-83BE-3B98AA8F4001} = {2846544F-381E-4CB5-8025-A2C7C4C3CB6B}
		{0959E381-F404-4846-9BFB-59484E5AD6E1} = {2846544F-381E-4CB5-8025-A2C7C4C3CB6B}
		{C8DF1913-C20B-4E70-A411-357B10D75D15} = {0959E381-F404-4846-9BFB-59484E5AD6E1}
		{52A18A42-9C62-4D2E-8F37-913A08828632} = {D7F5E3A3-1038-45AC-8B82-6F7C68F64254}
		{4FF04C4A-32F7-4164-A830-A35400506D35} = {ED32FA3F-FF43-4ECA-A470-EA0C82E2B725}
		{5415B823-17FA-4A9A-B01C-4258916B435D} = {4FF04C4A-32F7-4164-A830-A35400506D35}
		{685A7F54-2A0E-4E61-8166-D014641C688A} = {4FF04C4A-32F7-4164-A830-A35400506D35}
		{3B3AF354-42CD-4709-8D1D-35883A33F752} = {ED32FA3F-FF43-4ECA-A470-EA0C82E2B725}
		{B10132BA-B329-494E-BF05-4A7B0ECCAB52} = {3B3AF354-42CD-4709-8D1D-35883A33F752}
		{7CA98D95-6064-422A-9EF3-584077EC60FD} = {3B3AF354-42CD-4709-8D1D-35883A33F752}
		{DBAC47DD-1E48-4132-9B5F-96BC835B22BA} = {7CA98D95-6064-422A-9EF3-584077EC60FD}
		{41B21E6D-E051-4370-B2C2-0FFA5D3F29F2} = {7CA98D95-6064-422A-9EF3-584077EC60FD}
		{4EF1A3B6-D4BD-41D3-B57F-93C5A1F2F41C} = {B10132BA-B329-494E-BF05-4A7B0ECCAB52}
		{C6C2B539-B82E-411B-AADD-C73A75B0FA62} = {7CA98D95-6064-422A-9EF3-584077EC60FD}
		{F4005532-C077-4FEF-BE47-35D66335D4EE} = {4FF04C4A-32F7-4164-A830-A35400506D35}
		{F87EBA75-8D74-4895-AEAD-39BF679664D1} = {3B3AF354-42CD-4709-8D1D-35883A33F752}
		{11A4716D-0D91-4659-9FBD-515FA43D1B5A} = {3B3AF354-42CD-4709-8D1D-35883A33F752}
		{B848ACF6-3E41-45AA-85B5-7D1FDA67A125} = {3B3AF354-42CD-4709-8D1D-35883A33F752}
		{3436BA79-932A-4E21-853A-CB75685BEF36} = {4FF04C4A-32F7-4164-A830-A35400506D35}
	EndGlobalSection
	GlobalSection(ExtensibilityGlobals) = postSolution
		SolutionGuid = {DC9D9D4F-2190-4530-B529-2F3497D51EA0}
	EndGlobalSection
EndGlobal
